// !$*UTF8*$!
{
	archiveVersion = 1;
	classes = {
	};
	objectVersion = 46;
	objects = {

/* Begin PBXBuildFile section */
		118CE900D7AE5DDEB70D62E9 /* Pods_coleslaw.framework in Frameworks */ = {isa = PBXBuildFile; fileRef = E32876061BF725F30200C728 /* Pods_coleslaw.framework */; };
		2223C08A1C8E6EEA00E1D5D0 /* ResultsViewController.swift in Sources */ = {isa = PBXBuildFile; fileRef = 2223C0891C8E6EEA00E1D5D0 /* ResultsViewController.swift */; };
		2223C08C1C8E709300E1D5D0 /* RoundResultCell.swift in Sources */ = {isa = PBXBuildFile; fileRef = 2223C08B1C8E709300E1D5D0 /* RoundResultCell.swift */; };
		2223C08E1C8E879600E1D5D0 /* Round.swift in Sources */ = {isa = PBXBuildFile; fileRef = 2223C08D1C8E879600E1D5D0 /* Round.swift */; };
		225B25DB1C8E88360006F892 /* Turn.swift in Sources */ = {isa = PBXBuildFile; fileRef = 225B25DA1C8E88360006F892 /* Turn.swift */; };
		225B25DF1C8E88780006F892 /* Player.swift in Sources */ = {isa = PBXBuildFile; fileRef = 225B25DE1C8E88780006F892 /* Player.swift */; };
		225B25E31C8EBB880006F892 /* Team.swift in Sources */ = {isa = PBXBuildFile; fileRef = 225B25E21C8EBB880006F892 /* Team.swift */; };
		225B47731C94FE1700145925 /* FirebaseClient.swift in Sources */ = {isa = PBXBuildFile; fileRef = 225B47721C94FE1700145925 /* FirebaseClient.swift */; };
		22961C231C9A6A4200D174CA /* InfoView.swift in Sources */ = {isa = PBXBuildFile; fileRef = 22961C221C9A6A4200D174CA /* InfoView.swift */; };
		50418FB21C9F596100C4F878 /* SF-UI-Display-Bold.otf in Resources */ = {isa = PBXBuildFile; fileRef = 50418FB01C9F596100C4F878 /* SF-UI-Display-Bold.otf */; };
		50418FB31C9F596100C4F878 /* SF-UI-Display-Light.otf in Resources */ = {isa = PBXBuildFile; fileRef = 50418FB11C9F596100C4F878 /* SF-UI-Display-Light.otf */; };
		50B631291C8CE7900015684C /* Game.swift in Sources */ = {isa = PBXBuildFile; fileRef = 50B631281C8CE7900015684C /* Game.swift */; };
		50B946901C968CD600C9EF6D /* RoundViewController.swift in Sources */ = {isa = PBXBuildFile; fileRef = 50B9468F1C968CD600C9EF6D /* RoundViewController.swift */; };
		50C0D6C41C963AB900A4961C /* SF-UI-Display-Medium.otf in Resources */ = {isa = PBXBuildFile; fileRef = 50C0D6BF1C963A8000A4961C /* SF-UI-Display-Medium.otf */; };
		50C0D6C51C963AB900A4961C /* SF-UI-Display-Semibold.otf in Resources */ = {isa = PBXBuildFile; fileRef = 50C0D6C01C963A8000A4961C /* SF-UI-Display-Semibold.otf */; };
		50C0D6C61C963AB900A4961C /* SF-UI-Text-Medium.otf in Resources */ = {isa = PBXBuildFile; fileRef = 50C0D6C11C963A8000A4961C /* SF-UI-Text-Medium.otf */; };
		50C0D6C71C963AB900A4961C /* SF-UI-Text-Semibold.otf in Resources */ = {isa = PBXBuildFile; fileRef = 50C0D6C21C963A8000A4961C /* SF-UI-Text-Semibold.otf */; };
		50F453821C96634A006FF333 /* StatusView.xib in Resources */ = {isa = PBXBuildFile; fileRef = 50F453811C96634A006FF333 /* StatusView.xib */; };
		50F453841C96635E006FF333 /* StatusView.swift in Sources */ = {isa = PBXBuildFile; fileRef = 50F453831C96635E006FF333 /* StatusView.swift */; };
		8A092A381C8B809D001D54AF /* CardView.xib in Resources */ = {isa = PBXBuildFile; fileRef = 8A092A371C8B809D001D54AF /* CardView.xib */; };
		8A092A3A1C8B80E1001D54AF /* CardView.swift in Sources */ = {isa = PBXBuildFile; fileRef = 8A092A391C8B80E1001D54AF /* CardView.swift */; };
		8A1F426F1C97B9CC0048180E /* LocalGameManager.swift in Sources */ = {isa = PBXBuildFile; fileRef = 8A1F426E1C97B9CC0048180E /* LocalGameManager.swift */; };
		8A3E740B1C96505D00D7F40C /* SessionManager.swift in Sources */ = {isa = PBXBuildFile; fileRef = 8A3E740A1C96505D00D7F40C /* SessionManager.swift */; };
		8A3E740D1C96538E00D7F40C /* ParticipantViewController.swift in Sources */ = {isa = PBXBuildFile; fileRef = 8A3E740C1C96538E00D7F40C /* ParticipantViewController.swift */; };
		8A3E740F1C9653AF00D7F40C /* OwnerViewController.swift in Sources */ = {isa = PBXBuildFile; fileRef = 8A3E740E1C9653AF00D7F40C /* OwnerViewController.swift */; };
		8A599C5C1C8B79720068C657 /* AppDelegate.swift in Sources */ = {isa = PBXBuildFile; fileRef = 8A599C5B1C8B79720068C657 /* AppDelegate.swift */; };
		8A599C5E1C8B79720068C657 /* CardsViewController.swift in Sources */ = {isa = PBXBuildFile; fileRef = 8A599C5D1C8B79720068C657 /* CardsViewController.swift */; };
		8A599C611C8B79720068C657 /* Main.storyboard in Resources */ = {isa = PBXBuildFile; fileRef = 8A599C5F1C8B79720068C657 /* Main.storyboard */; };
		8A599C631C8B79720068C657 /* Assets.xcassets in Resources */ = {isa = PBXBuildFile; fileRef = 8A599C621C8B79720068C657 /* Assets.xcassets */; };
		8A599C661C8B79720068C657 /* LaunchScreen.storyboard in Resources */ = {isa = PBXBuildFile; fileRef = 8A599C641C8B79720068C657 /* LaunchScreen.storyboard */; };
		8A9E81081C8CF42500C3DF37 /* Card.swift in Sources */ = {isa = PBXBuildFile; fileRef = 8A9E81071C8CF42500C3DF37 /* Card.swift */; };
/* End PBXBuildFile section */

/* Begin PBXFileReference section */
		2223C0891C8E6EEA00E1D5D0 /* ResultsViewController.swift */ = {isa = PBXFileReference; fileEncoding = 4; lastKnownFileType = sourcecode.swift; path = ResultsViewController.swift; sourceTree = "<group>"; };
		2223C08B1C8E709300E1D5D0 /* RoundResultCell.swift */ = {isa = PBXFileReference; fileEncoding = 4; lastKnownFileType = sourcecode.swift; path = RoundResultCell.swift; sourceTree = "<group>"; };
		2223C08D1C8E879600E1D5D0 /* Round.swift */ = {isa = PBXFileReference; fileEncoding = 4; lastKnownFileType = sourcecode.swift; path = Round.swift; sourceTree = "<group>"; };
		225B25DA1C8E88360006F892 /* Turn.swift */ = {isa = PBXFileReference; fileEncoding = 4; lastKnownFileType = sourcecode.swift; path = Turn.swift; sourceTree = "<group>"; };
		225B25DE1C8E88780006F892 /* Player.swift */ = {isa = PBXFileReference; fileEncoding = 4; lastKnownFileType = sourcecode.swift; path = Player.swift; sourceTree = "<group>"; };
		225B25E21C8EBB880006F892 /* Team.swift */ = {isa = PBXFileReference; fileEncoding = 4; lastKnownFileType = sourcecode.swift; path = Team.swift; sourceTree = "<group>"; };
		225B47721C94FE1700145925 /* FirebaseClient.swift */ = {isa = PBXFileReference; fileEncoding = 4; lastKnownFileType = sourcecode.swift; path = FirebaseClient.swift; sourceTree = "<group>"; };
		22961C221C9A6A4200D174CA /* InfoView.swift */ = {isa = PBXFileReference; fileEncoding = 4; lastKnownFileType = sourcecode.swift; path = InfoView.swift; sourceTree = "<group>"; };
		50418FB01C9F596100C4F878 /* SF-UI-Display-Bold.otf */ = {isa = PBXFileReference; lastKnownFileType = file; path = "SF-UI-Display-Bold.otf"; sourceTree = "<group>"; };
		50418FB11C9F596100C4F878 /* SF-UI-Display-Light.otf */ = {isa = PBXFileReference; lastKnownFileType = file; path = "SF-UI-Display-Light.otf"; sourceTree = "<group>"; };
		50B631281C8CE7900015684C /* Game.swift */ = {isa = PBXFileReference; fileEncoding = 4; lastKnownFileType = sourcecode.swift; path = Game.swift; sourceTree = "<group>"; };
		50B9468F1C968CD600C9EF6D /* RoundViewController.swift */ = {isa = PBXFileReference; fileEncoding = 4; lastKnownFileType = sourcecode.swift; path = RoundViewController.swift; sourceTree = "<group>"; };
		50C0D6BF1C963A8000A4961C /* SF-UI-Display-Medium.otf */ = {isa = PBXFileReference; lastKnownFileType = file; path = "SF-UI-Display-Medium.otf"; sourceTree = "<group>"; };
		50C0D6C01C963A8000A4961C /* SF-UI-Display-Semibold.otf */ = {isa = PBXFileReference; lastKnownFileType = file; path = "SF-UI-Display-Semibold.otf"; sourceTree = "<group>"; };
		50C0D6C11C963A8000A4961C /* SF-UI-Text-Medium.otf */ = {isa = PBXFileReference; lastKnownFileType = file; path = "SF-UI-Text-Medium.otf"; sourceTree = "<group>"; };
		50C0D6C21C963A8000A4961C /* SF-UI-Text-Semibold.otf */ = {isa = PBXFileReference; lastKnownFileType = file; path = "SF-UI-Text-Semibold.otf"; sourceTree = "<group>"; };
		50F453811C96634A006FF333 /* StatusView.xib */ = {isa = PBXFileReference; fileEncoding = 4; lastKnownFileType = file.xib; path = StatusView.xib; sourceTree = "<group>"; };
		50F453831C96635E006FF333 /* StatusView.swift */ = {isa = PBXFileReference; fileEncoding = 4; lastKnownFileType = sourcecode.swift; path = StatusView.swift; sourceTree = "<group>"; };
		808968C674552613C42141BF /* Pods-coleslaw.release.xcconfig */ = {isa = PBXFileReference; includeInIndex = 1; lastKnownFileType = text.xcconfig; name = "Pods-coleslaw.release.xcconfig"; path = "Pods/Target Support Files/Pods-coleslaw/Pods-coleslaw.release.xcconfig"; sourceTree = "<group>"; };
		8A092A371C8B809D001D54AF /* CardView.xib */ = {isa = PBXFileReference; fileEncoding = 4; lastKnownFileType = file.xib; path = CardView.xib; sourceTree = "<group>"; };
		8A092A391C8B80E1001D54AF /* CardView.swift */ = {isa = PBXFileReference; fileEncoding = 4; lastKnownFileType = sourcecode.swift; path = CardView.swift; sourceTree = "<group>"; };
		8A1F426E1C97B9CC0048180E /* LocalGameManager.swift */ = {isa = PBXFileReference; fileEncoding = 4; lastKnownFileType = sourcecode.swift; path = LocalGameManager.swift; sourceTree = "<group>"; };
		8A3E740A1C96505D00D7F40C /* SessionManager.swift */ = {isa = PBXFileReference; fileEncoding = 4; lastKnownFileType = sourcecode.swift; path = SessionManager.swift; sourceTree = "<group>"; };
		8A3E740C1C96538E00D7F40C /* ParticipantViewController.swift */ = {isa = PBXFileReference; fileEncoding = 4; lastKnownFileType = sourcecode.swift; path = ParticipantViewController.swift; sourceTree = "<group>"; };
		8A3E740E1C9653AF00D7F40C /* OwnerViewController.swift */ = {isa = PBXFileReference; fileEncoding = 4; lastKnownFileType = sourcecode.swift; path = OwnerViewController.swift; sourceTree = "<group>"; };
		8A599C581C8B79720068C657 /* coleslaw.app */ = {isa = PBXFileReference; explicitFileType = wrapper.application; includeInIndex = 0; path = coleslaw.app; sourceTree = BUILT_PRODUCTS_DIR; };
		8A599C5B1C8B79720068C657 /* AppDelegate.swift */ = {isa = PBXFileReference; lastKnownFileType = sourcecode.swift; path = AppDelegate.swift; sourceTree = "<group>"; };
		8A599C5D1C8B79720068C657 /* CardsViewController.swift */ = {isa = PBXFileReference; lastKnownFileType = sourcecode.swift; path = CardsViewController.swift; sourceTree = "<group>"; };
		8A599C601C8B79720068C657 /* Base */ = {isa = PBXFileReference; lastKnownFileType = file.storyboard; name = Base; path = Base.lproj/Main.storyboard; sourceTree = "<group>"; };
		8A599C621C8B79720068C657 /* Assets.xcassets */ = {isa = PBXFileReference; lastKnownFileType = folder.assetcatalog; path = Assets.xcassets; sourceTree = "<group>"; };
		8A599C651C8B79720068C657 /* Base */ = {isa = PBXFileReference; lastKnownFileType = file.storyboard; name = Base; path = Base.lproj/LaunchScreen.storyboard; sourceTree = "<group>"; };
		8A599C671C8B79720068C657 /* Info.plist */ = {isa = PBXFileReference; lastKnownFileType = text.plist.xml; path = Info.plist; sourceTree = "<group>"; };
		8A9E81071C8CF42500C3DF37 /* Card.swift */ = {isa = PBXFileReference; fileEncoding = 4; lastKnownFileType = sourcecode.swift; path = Card.swift; sourceTree = "<group>"; };
		E32876061BF725F30200C728 /* Pods_coleslaw.framework */ = {isa = PBXFileReference; explicitFileType = wrapper.framework; includeInIndex = 0; path = Pods_coleslaw.framework; sourceTree = BUILT_PRODUCTS_DIR; };
		F6E37BC72CE3B3AA8BED8BAB /* Pods-coleslaw.debug.xcconfig */ = {isa = PBXFileReference; includeInIndex = 1; lastKnownFileType = text.xcconfig; name = "Pods-coleslaw.debug.xcconfig"; path = "Pods/Target Support Files/Pods-coleslaw/Pods-coleslaw.debug.xcconfig"; sourceTree = "<group>"; };
/* End PBXFileReference section */

/* Begin PBXFrameworksBuildPhase section */
		8A599C551C8B79720068C657 /* Frameworks */ = {
			isa = PBXFrameworksBuildPhase;
			buildActionMask = 2147483647;
			files = (
				118CE900D7AE5DDEB70D62E9 /* Pods_coleslaw.framework in Frameworks */,
			);
			runOnlyForDeploymentPostprocessing = 0;
		};
/* End PBXFrameworksBuildPhase section */

/* Begin PBXGroup section */
		2223C0831C8D510D00E1D5D0 /* Storyboards */ = {
			isa = PBXGroup;
			children = (
				8A599C5F1C8B79720068C657 /* Main.storyboard */,
			);
			name = Storyboards;
			sourceTree = "<group>";
		};
		50B6312A1C8CE7950015684C /* Models */ = {
			isa = PBXGroup;
			children = (
				225B25E21C8EBB880006F892 /* Team.swift */,
				225B25DE1C8E88780006F892 /* Player.swift */,
				8A9E81071C8CF42500C3DF37 /* Card.swift */,
				50B631281C8CE7900015684C /* Game.swift */,
				2223C08D1C8E879600E1D5D0 /* Round.swift */,
				225B25DA1C8E88360006F892 /* Turn.swift */,
			);
			name = Models;
			sourceTree = "<group>";
		};
		50C0D6C31C963A8300A4961C /* Fonts */ = {
			isa = PBXGroup;
			children = (
				50C0D6BF1C963A8000A4961C /* SF-UI-Display-Medium.otf */,
				50C0D6C01C963A8000A4961C /* SF-UI-Display-Semibold.otf */,
				50C0D6C11C963A8000A4961C /* SF-UI-Text-Medium.otf */,
				50418FB01C9F596100C4F878 /* SF-UI-Display-Bold.otf */,
				50418FB11C9F596100C4F878 /* SF-UI-Display-Light.otf */,
				50C0D6C21C963A8000A4961C /* SF-UI-Text-Semibold.otf */,
			);
			name = Fonts;
			sourceTree = "<group>";
		};
		8A3E74091C96504B00D7F40C /* Services */ = {
			isa = PBXGroup;
			children = (
				8A3E740A1C96505D00D7F40C /* SessionManager.swift */,
				225B47721C94FE1700145925 /* FirebaseClient.swift */,
				8A1F426E1C97B9CC0048180E /* LocalGameManager.swift */,
			);
			name = Services;
			sourceTree = "<group>";
		};
		8A44458BE0D6C94AD570F677 /* Frameworks */ = {
			isa = PBXGroup;
			children = (
				E32876061BF725F30200C728 /* Pods_coleslaw.framework */,
			);
			name = Frameworks;
			sourceTree = "<group>";
		};
		8A599C4F1C8B79720068C657 = {
			isa = PBXGroup;
			children = (
				8A599C5A1C8B79720068C657 /* coleslaw */,
				8A599C591C8B79720068C657 /* Products */,
				FF00703BFA63BDDE4A90E756 /* Pods */,
				8A44458BE0D6C94AD570F677 /* Frameworks */,
			);
			sourceTree = "<group>";
		};
		8A599C591C8B79720068C657 /* Products */ = {
			isa = PBXGroup;
			children = (
				8A599C581C8B79720068C657 /* coleslaw.app */,
			);
			name = Products;
			sourceTree = "<group>";
		};
		8A599C5A1C8B79720068C657 /* coleslaw */ = {
			isa = PBXGroup;
			children = (
				8A599C5B1C8B79720068C657 /* AppDelegate.swift */,
				8A3E74091C96504B00D7F40C /* Services */,
				2223C0831C8D510D00E1D5D0 /* Storyboards */,
				50B6312A1C8CE7950015684C /* Models */,
				8A599C6D1C8B7AE10068C657 /* ViewControllers */,
				8A599C6E1C8B7C820068C657 /* Views */,
				8A599C621C8B79720068C657 /* Assets.xcassets */,
				50C0D6C31C963A8300A4961C /* Fonts */,
				8A599C641C8B79720068C657 /* LaunchScreen.storyboard */,
				8A599C671C8B79720068C657 /* Info.plist */,
			);
			path = coleslaw;
			sourceTree = "<group>";
		};
		8A599C6D1C8B7AE10068C657 /* ViewControllers */ = {
			isa = PBXGroup;
			children = (
				50B9468F1C968CD600C9EF6D /* RoundViewController.swift */,
				8A599C5D1C8B79720068C657 /* CardsViewController.swift */,
				2223C0891C8E6EEA00E1D5D0 /* ResultsViewController.swift */,
				8A3E740C1C96538E00D7F40C /* ParticipantViewController.swift */,
				8A3E740E1C9653AF00D7F40C /* OwnerViewController.swift */,
			);
			name = ViewControllers;
			sourceTree = "<group>";
		};
		8A599C6E1C8B7C820068C657 /* Views */ = {
			isa = PBXGroup;
			children = (
				50F453811C96634A006FF333 /* StatusView.xib */,
				50F453831C96635E006FF333 /* StatusView.swift */,
				8A092A371C8B809D001D54AF /* CardView.xib */,
				8A092A391C8B80E1001D54AF /* CardView.swift */,
				2223C08B1C8E709300E1D5D0 /* RoundResultCell.swift */,
				22961C221C9A6A4200D174CA /* InfoView.swift */,
			);
			name = Views;
			sourceTree = "<group>";
		};
		FF00703BFA63BDDE4A90E756 /* Pods */ = {
			isa = PBXGroup;
			children = (
				F6E37BC72CE3B3AA8BED8BAB /* Pods-coleslaw.debug.xcconfig */,
				808968C674552613C42141BF /* Pods-coleslaw.release.xcconfig */,
			);
			name = Pods;
			sourceTree = "<group>";
		};
/* End PBXGroup section */

/* Begin PBXNativeTarget section */
		8A599C571C8B79720068C657 /* coleslaw */ = {
			isa = PBXNativeTarget;
			buildConfigurationList = 8A599C6A1C8B79720068C657 /* Build configuration list for PBXNativeTarget "coleslaw" */;
			buildPhases = (
				D472C7E66BFB383890DAD6BF /* Check Pods Manifest.lock */,
				8A599C541C8B79720068C657 /* Sources */,
				8A599C551C8B79720068C657 /* Frameworks */,
				8A599C561C8B79720068C657 /* Resources */,
				9DCD7945EAFD70D023C464A8 /* Embed Pods Frameworks */,
				3B3B8EBC1776C2F25549CDE3 /* Copy Pods Resources */,
			);
			buildRules = (
			);
			dependencies = (
			);
			name = coleslaw;
			productName = coleslaw;
			productReference = 8A599C581C8B79720068C657 /* coleslaw.app */;
			productType = "com.apple.product-type.application";
		};
/* End PBXNativeTarget section */

/* Begin PBXProject section */
		8A599C501C8B79720068C657 /* Project object */ = {
			isa = PBXProject;
			attributes = {
				LastSwiftUpdateCheck = 0720;
				LastUpgradeCheck = 0720;
				ORGANIZATIONNAME = "Jack Kearney";
				TargetAttributes = {
					8A599C571C8B79720068C657 = {
						CreatedOnToolsVersion = 7.2.1;
						DevelopmentTeam = T7M63S5G44;
					};
				};
			};
			buildConfigurationList = 8A599C531C8B79720068C657 /* Build configuration list for PBXProject "coleslaw" */;
			compatibilityVersion = "Xcode 3.2";
			developmentRegion = English;
			hasScannedForEncodings = 0;
			knownRegions = (
				en,
				Base,
			);
			mainGroup = 8A599C4F1C8B79720068C657;
			productRefGroup = 8A599C591C8B79720068C657 /* Products */;
			projectDirPath = "";
			projectRoot = "";
			targets = (
				8A599C571C8B79720068C657 /* coleslaw */,
			);
		};
/* End PBXProject section */

/* Begin PBXResourcesBuildPhase section */
		8A599C561C8B79720068C657 /* Resources */ = {
			isa = PBXResourcesBuildPhase;
			buildActionMask = 2147483647;
			files = (
				50418FB21C9F596100C4F878 /* SF-UI-Display-Bold.otf in Resources */,
				50418FB31C9F596100C4F878 /* SF-UI-Display-Light.otf in Resources */,
				50C0D6C41C963AB900A4961C /* SF-UI-Display-Medium.otf in Resources */,
				50C0D6C51C963AB900A4961C /* SF-UI-Display-Semibold.otf in Resources */,
				50C0D6C61C963AB900A4961C /* SF-UI-Text-Medium.otf in Resources */,
				50F453821C96634A006FF333 /* StatusView.xib in Resources */,
				50C0D6C71C963AB900A4961C /* SF-UI-Text-Semibold.otf in Resources */,
				8A599C661C8B79720068C657 /* LaunchScreen.storyboard in Resources */,
				8A599C631C8B79720068C657 /* Assets.xcassets in Resources */,
				8A092A381C8B809D001D54AF /* CardView.xib in Resources */,
				8A599C611C8B79720068C657 /* Main.storyboard in Resources */,
			);
			runOnlyForDeploymentPostprocessing = 0;
		};
/* End PBXResourcesBuildPhase section */

/* Begin PBXShellScriptBuildPhase section */
		3B3B8EBC1776C2F25549CDE3 /* Copy Pods Resources */ = {
			isa = PBXShellScriptBuildPhase;
			buildActionMask = 2147483647;
			files = (
			);
			inputPaths = (
			);
			name = "Copy Pods Resources";
			outputPaths = (
			);
			runOnlyForDeploymentPostprocessing = 0;
			shellPath = /bin/sh;
			shellScript = "\"${SRCROOT}/Pods/Target Support Files/Pods-coleslaw/Pods-coleslaw-resources.sh\"\n";
			showEnvVarsInLog = 0;
		};
		9DCD7945EAFD70D023C464A8 /* Embed Pods Frameworks */ = {
			isa = PBXShellScriptBuildPhase;
			buildActionMask = 2147483647;
			files = (
			);
			inputPaths = (
			);
			name = "Embed Pods Frameworks";
			outputPaths = (
			);
			runOnlyForDeploymentPostprocessing = 0;
			shellPath = /bin/sh;
			shellScript = "\"${SRCROOT}/Pods/Target Support Files/Pods-coleslaw/Pods-coleslaw-frameworks.sh\"\n";
			showEnvVarsInLog = 0;
		};
		D472C7E66BFB383890DAD6BF /* Check Pods Manifest.lock */ = {
			isa = PBXShellScriptBuildPhase;
			buildActionMask = 2147483647;
			files = (
			);
			inputPaths = (
			);
			name = "Check Pods Manifest.lock";
			outputPaths = (
			);
			runOnlyForDeploymentPostprocessing = 0;
			shellPath = /bin/sh;
			shellScript = "diff \"${PODS_ROOT}/../Podfile.lock\" \"${PODS_ROOT}/Manifest.lock\" > /dev/null\nif [[ $? != 0 ]] ; then\n    cat << EOM\nerror: The sandbox is not in sync with the Podfile.lock. Run 'pod install' or update your CocoaPods installation.\nEOM\n    exit 1\nfi\n";
			showEnvVarsInLog = 0;
		};
/* End PBXShellScriptBuildPhase section */

/* Begin PBXSourcesBuildPhase section */
		8A599C541C8B79720068C657 /* Sources */ = {
			isa = PBXSourcesBuildPhase;
			buildActionMask = 2147483647;
			files = (
				225B25E31C8EBB880006F892 /* Team.swift in Sources */,
				8A1F426F1C97B9CC0048180E /* LocalGameManager.swift in Sources */,
				225B25DF1C8E88780006F892 /* Player.swift in Sources */,
				225B25DB1C8E88360006F892 /* Turn.swift in Sources */,
				8A599C5E1C8B79720068C657 /* CardsViewController.swift in Sources */,
				50F453841C96635E006FF333 /* StatusView.swift in Sources */,
				2223C08E1C8E879600E1D5D0 /* Round.swift in Sources */,
				50B631291C8CE7900015684C /* Game.swift in Sources */,
				8A3E740B1C96505D00D7F40C /* SessionManager.swift in Sources */,
				8A9E81081C8CF42500C3DF37 /* Card.swift in Sources */,
				2223C08A1C8E6EEA00E1D5D0 /* ResultsViewController.swift in Sources */,
				8A092A3A1C8B80E1001D54AF /* CardView.swift in Sources */,
				8A599C5C1C8B79720068C657 /* AppDelegate.swift in Sources */,
				22961C231C9A6A4200D174CA /* InfoView.swift in Sources */,
				225B47731C94FE1700145925 /* FirebaseClient.swift in Sources */,
				2223C08C1C8E709300E1D5D0 /* RoundResultCell.swift in Sources */,
				8A3E740F1C9653AF00D7F40C /* OwnerViewController.swift in Sources */,
				8A3E740D1C96538E00D7F40C /* ParticipantViewController.swift in Sources */,
				50B946901C968CD600C9EF6D /* RoundViewController.swift in Sources */,
			);
			runOnlyForDeploymentPostprocessing = 0;
		};
/* End PBXSourcesBuildPhase section */

/* Begin PBXVariantGroup section */
		8A599C5F1C8B79720068C657 /* Main.storyboard */ = {
			isa = PBXVariantGroup;
			children = (
				8A599C601C8B79720068C657 /* Base */,
			);
			name = Main.storyboard;
			sourceTree = "<group>";
		};
		8A599C641C8B79720068C657 /* LaunchScreen.storyboard */ = {
			isa = PBXVariantGroup;
			children = (
				8A599C651C8B79720068C657 /* Base */,
			);
			name = LaunchScreen.storyboard;
			sourceTree = "<group>";
		};
/* End PBXVariantGroup section */

/* Begin XCBuildConfiguration section */
		8A599C681C8B79720068C657 /* Debug */ = {
			isa = XCBuildConfiguration;
			buildSettings = {
				ALWAYS_SEARCH_USER_PATHS = NO;
				CLANG_CXX_LANGUAGE_STANDARD = "gnu++0x";
				CLANG_CXX_LIBRARY = "libc++";
				CLANG_ENABLE_MODULES = YES;
				CLANG_ENABLE_OBJC_ARC = YES;
				CLANG_WARN_BOOL_CONVERSION = YES;
				CLANG_WARN_CONSTANT_CONVERSION = YES;
				CLANG_WARN_DIRECT_OBJC_ISA_USAGE = YES_ERROR;
				CLANG_WARN_EMPTY_BODY = YES;
				CLANG_WARN_ENUM_CONVERSION = YES;
				CLANG_WARN_INT_CONVERSION = YES;
				CLANG_WARN_OBJC_ROOT_CLASS = YES_ERROR;
				CLANG_WARN_UNREACHABLE_CODE = YES;
				CLANG_WARN__DUPLICATE_METHOD_MATCH = YES;
				"CODE_SIGN_IDENTITY[sdk=iphoneos*]" = "iPhone Developer";
				COPY_PHASE_STRIP = NO;
				DEBUG_INFORMATION_FORMAT = dwarf;
				ENABLE_STRICT_OBJC_MSGSEND = YES;
				ENABLE_TESTABILITY = YES;
				GCC_C_LANGUAGE_STANDARD = gnu99;
				GCC_DYNAMIC_NO_PIC = NO;
				GCC_NO_COMMON_BLOCKS = YES;
				GCC_OPTIMIZATION_LEVEL = 0;
				GCC_PREPROCESSOR_DEFINITIONS = (
					"DEBUG=1",
					"$(inherited)",
				);
				GCC_WARN_64_TO_32_BIT_CONVERSION = YES;
				GCC_WARN_ABOUT_RETURN_TYPE = YES_ERROR;
				GCC_WARN_UNDECLARED_SELECTOR = YES;
				GCC_WARN_UNINITIALIZED_AUTOS = YES_AGGRESSIVE;
				GCC_WARN_UNUSED_FUNCTION = YES;
				GCC_WARN_UNUSED_VARIABLE = YES;
				IPHONEOS_DEPLOYMENT_TARGET = 9.2;
				MTL_ENABLE_DEBUG_INFO = YES;
				ONLY_ACTIVE_ARCH = YES;
				SDKROOT = iphoneos;
				SWIFT_OPTIMIZATION_LEVEL = "-Onone";
			};
			name = Debug;
		};
		8A599C691C8B79720068C657 /* Release */ = {
			isa = XCBuildConfiguration;
			buildSettings = {
				ALWAYS_SEARCH_USER_PATHS = NO;
				CLANG_CXX_LANGUAGE_STANDARD = "gnu++0x";
				CLANG_CXX_LIBRARY = "libc++";
				CLANG_ENABLE_MODULES = YES;
				CLANG_ENABLE_OBJC_ARC = YES;
				CLANG_WARN_BOOL_CONVERSION = YES;
				CLANG_WARN_CONSTANT_CONVERSION = YES;
				CLANG_WARN_DIRECT_OBJC_ISA_USAGE = YES_ERROR;
				CLANG_WARN_EMPTY_BODY = YES;
				CLANG_WARN_ENUM_CONVERSION = YES;
				CLANG_WARN_INT_CONVERSION = YES;
				CLANG_WARN_OBJC_ROOT_CLASS = YES_ERROR;
				CLANG_WARN_UNREACHABLE_CODE = YES;
				CLANG_WARN__DUPLICATE_METHOD_MATCH = YES;
				"CODE_SIGN_IDENTITY[sdk=iphoneos*]" = "iPhone Developer";
				COPY_PHASE_STRIP = NO;
				DEBUG_INFORMATION_FORMAT = "dwarf-with-dsym";
				ENABLE_NS_ASSERTIONS = NO;
				ENABLE_STRICT_OBJC_MSGSEND = YES;
				GCC_C_LANGUAGE_STANDARD = gnu99;
				GCC_NO_COMMON_BLOCKS = YES;
				GCC_WARN_64_TO_32_BIT_CONVERSION = YES;
				GCC_WARN_ABOUT_RETURN_TYPE = YES_ERROR;
				GCC_WARN_UNDECLARED_SELECTOR = YES;
				GCC_WARN_UNINITIALIZED_AUTOS = YES_AGGRESSIVE;
				GCC_WARN_UNUSED_FUNCTION = YES;
				GCC_WARN_UNUSED_VARIABLE = YES;
				IPHONEOS_DEPLOYMENT_TARGET = 9.2;
				MTL_ENABLE_DEBUG_INFO = NO;
				SDKROOT = iphoneos;
				VALIDATE_PRODUCT = YES;
			};
			name = Release;
		};
		8A599C6B1C8B79720068C657 /* Debug */ = {
			isa = XCBuildConfiguration;
			baseConfigurationReference = F6E37BC72CE3B3AA8BED8BAB /* Pods-coleslaw.debug.xcconfig */;
			buildSettings = {
				ASSETCATALOG_COMPILER_APPICON_NAME = AppIcon;
				CODE_SIGN_IDENTITY = "iPhone Developer";
				"CODE_SIGN_IDENTITY[sdk=iphoneos*]" = "iPhone Developer";
				INFOPLIST_FILE = coleslaw/Info.plist;
				LD_RUNPATH_SEARCH_PATHS = "$(inherited) @executable_path/Frameworks";
				PRODUCT_BUNDLE_IDENTIFIER = com.maxpappas.coleslaw;
				PRODUCT_NAME = "$(TARGET_NAME)";
				PROVISIONING_PROFILE = "";
			};
			name = Debug;
		};
		8A599C6C1C8B79720068C657 /* Release */ = {
			isa = XCBuildConfiguration;
			baseConfigurationReference = 808968C674552613C42141BF /* Pods-coleslaw.release.xcconfig */;
			buildSettings = {
				ASSETCATALOG_COMPILER_APPICON_NAME = AppIcon;
				CODE_SIGN_IDENTITY = "iPhone Developer";
				"CODE_SIGN_IDENTITY[sdk=iphoneos*]" = "iPhone Developer";
				INFOPLIST_FILE = coleslaw/Info.plist;
				LD_RUNPATH_SEARCH_PATHS = "$(inherited) @executable_path/Frameworks";
				PRODUCT_BUNDLE_IDENTIFIER = com.maxpappas.coleslaw;
				PRODUCT_NAME = "$(TARGET_NAME)";
				PROVISIONING_PROFILE = "";
			};
			name = Release;
		};
/* End XCBuildConfiguration section */

/* Begin XCConfigurationList section */
		8A599C531C8B79720068C657 /* Build configuration list for PBXProject "coleslaw" */ = {
			isa = XCConfigurationList;
			buildConfigurations = (
				8A599C681C8B79720068C657 /* Debug */,
				8A599C691C8B79720068C657 /* Release */,
			);
			defaultConfigurationIsVisible = 0;
			defaultConfigurationName = Release;
		};
		8A599C6A1C8B79720068C657 /* Build configuration list for PBXNativeTarget "coleslaw" */ = {
			isa = XCConfigurationList;
			buildConfigurations = (
				8A599C6B1C8B79720068C657 /* Debug */,
				8A599C6C1C8B79720068C657 /* Release */,
			);
			defaultConfigurationIsVisible = 0;
			defaultConfigurationName = Release;
		};
/* End XCConfigurationList section */
	};
	rootObject = 8A599C501C8B79720068C657 /* Project object */;
}
